
Microsoft Visual Studio Solution File, Format Version 12.00
# Visual Studio Version 17
VisualStudioVersion = 17.14.36414.22
MinimumVisualStudioVersion = 10.0.40219.1
Project("{FAE04EC0-301F-11D3-BF4B-00C04F79EFBC}") = "Azunt.SignInManagement", "Azunt.SignInManagement\Azunt.SignInManagement.csproj", "{877F2743-23DC-429E-B7AB-A66D6648B392}"
EndProject
Project("{00D1A9C2-B5F0-4AF3-8072-F6C62B433612}") = "Azunt.SqlServer", "Azunt.SqlServer\Azunt.SqlServer.sqlproj", "{B03E9146-D3FF-428B-9C9B-276F65D23324}"
EndProject
Global
	GlobalSection(SolutionConfigurationPlatforms) = preSolution
		Debug|Any CPU = Debug|Any CPU
		Release|Any CPU = Release|Any CPU
	EndGlobalSection
	GlobalSection(ProjectConfigurationPlatforms) = postSolution
		{877F2743-23DC-429E-B7AB-A66D6648B392}.Debug|Any CPU.ActiveCfg = Debug|Any CPU
		{877F2743-23DC-429E-B7AB-A66D6648B392}.Debug|Any CPU.Build.0 = Debug|Any CPU
		{877F2743-23DC-429E-B7AB-A66D6648B392}.Release|Any CPU.ActiveCfg = Release|Any CPU
		{877F2743-23DC-429E-B7AB-A66D6648B392}.Release|Any CPU.Build.0 = Release|Any CPU
		{B03E9146-D3FF-428B-9C9B-276F65D23324}.Debug|Any CPU.ActiveCfg = Debug|Any CPU
		{B03E9146-D3FF-428B-9C9B-276F65D23324}.Debug|Any CPU.Build.0 = Debug|Any CPU
		{B03E9146-D3FF-428B-9C9B-276F65D23324}.Debug|Any CPU.Deploy.0 = Debug|Any CPU
		{B03E9146-D3FF-428B-9C9B-276F65D23324}.Release|Any CPU.ActiveCfg = Release|Any CPU
		{B03E9146-D3FF-428B-9C9B-276F65D23324}.Release|Any CPU.Build.0 = Release|Any CPU
		{B03E9146-D3FF-428B-9C9B-276F65D23324}.Release|Any CPU.Deploy.0 = Release|Any CPU
	EndGlobalSection
	GlobalSection(SolutionProperties) = preSolution
		HideSolutionNode = FALSE
	EndGlobalSection
	GlobalSection(ExtensibilityGlobals) = postSolution
		SolutionGuid = {1EB14041-CE18-4EC2-8533-0DE8CD2B22CB}
	EndGlobalSection
EndGlobal
